
Microsoft Visual Studio Solution File, Format Version 12.00
# Visual Studio Version 17
VisualStudioVersion = 17.2.32630.192
MinimumVisualStudioVersion = 10.0.40219.1
Project("{9A19103F-16F7-4668-BE54-9A1E7A4F7556}") = "Syn", "Syn\Syn.csproj", "{480C5909-8B1B-484D-9B41-41005FEFBE9D}"
EndProject
Project("{2150E333-8FDC-42A3-9474-1A3956D46DE8}") = "Solution Items", "Solution Items", "{8C3CC85C-EB86-484A-822D-C99D39C43015}"
	ProjectSection(SolutionItems) = preProject
		.editorconfig = .editorconfig
	EndProjectSection
EndProject
Global
	GlobalSection(SolutionConfigurationPlatforms) = preSolution
		Debug|Any CPU = Debug|Any CPU
		Release|Any CPU = Release|Any CPU
	EndGlobalSection
	GlobalSection(ProjectConfigurationPlatforms) = postSolution
		{480C5909-8B1B-484D-9B41-41005FEFBE9D}.Debug|Any CPU.ActiveCfg = Debug|Any CPU
		{480C5909-8B1B-484D-9B41-41005FEFBE9D}.Debug|Any CPU.Build.0 = Debug|Any CPU
		{480C5909-8B1B-484D-9B41-41005FEFBE9D}.Release|Any CPU.ActiveCfg = Release|Any CPU
		{480C5909-8B1B-484D-9B41-41005FEFBE9D}.Release|Any CPU.Build.0 = Release|Any CPU
	EndGlobalSection
	GlobalSection(SolutionProperties) = preSolution
		HideSolutionNode = FALSE
	EndGlobalSection
	GlobalSection(ExtensibilityGlobals) = postSolution
		SolutionGuid = {85F25E14-7542-4EE8-AD4C-228B75CD0FCE}
	EndGlobalSection
EndGlobal
